
Microsoft Visual Studio Solution File, Format Version 12.00
# Visual Studio 2012
Project("{FAE04EC0-301F-11D3-BF4B-00C04F79EFBC}") = "Blacksmith.Core", "Blacksmith.Core\Blacksmith.Core.csproj", "{864712DB-0226-457A-8F3F-E99DE3554F83}"
EndProject
Project("{2150E333-8FDC-42A3-9474-1A3956D46DE8}") = ".nuget", ".nuget", "{522E91C6-A24D-4406-A396-4899C13B57CB}"
	ProjectSection(SolutionItems) = preProject
		.nuget\NuGet.Config = .nuget\NuGet.Config
		.nuget\NuGet.exe = .nuget\NuGet.exe
		.nuget\NuGet.targets = .nuget\NuGet.targets
	EndProjectSection
EndProject
Project("{FAE04EC0-301F-11D3-BF4B-00C04F79EFBC}") = "Blacksmith.Sample", "Blacksmith.Sample\Blacksmith.Sample.csproj", "{8641E9FF-7905-4D5D-8452-B8613B72591B}"
EndProject
Project("{FAE04EC0-301F-11D3-BF4B-00C04F79EFBC}") = "Blacksmith.Tests", "Blacksmith.Tests\Blacksmith.Tests.csproj", "{C57A5DCC-E279-4B04-AD08-A2F070AE1C3B}"
EndProject
Global
	GlobalSection(SolutionConfigurationPlatforms) = preSolution
		Debug|Any CPU = Debug|Any CPU
		Release|Any CPU = Release|Any CPU
	EndGlobalSection
	GlobalSection(ProjectConfigurationPlatforms) = postSolution
		{864712DB-0226-457A-8F3F-E99DE3554F83}.Debug|Any CPU.ActiveCfg = Debug|Any CPU
		{864712DB-0226-457A-8F3F-E99DE3554F83}.Debug|Any CPU.Build.0 = Debug|Any CPU
		{864712DB-0226-457A-8F3F-E99DE3554F83}.Release|Any CPU.ActiveCfg = Release|Any CPU
		{864712DB-0226-457A-8F3F-E99DE3554F83}.Release|Any CPU.Build.0 = Release|Any CPU
		{8641E9FF-7905-4D5D-8452-B8613B72591B}.Debug|Any CPU.ActiveCfg = Debug|Any CPU
		{8641E9FF-7905-4D5D-8452-B8613B72591B}.Debug|Any CPU.Build.0 = Debug|Any CPU
		{8641E9FF-7905-4D5D-8452-B8613B72591B}.Release|Any CPU.ActiveCfg = Release|Any CPU
		{8641E9FF-7905-4D5D-8452-B8613B72591B}.Release|Any CPU.Build.0 = Release|Any CPU
		{C57A5DCC-E279-4B04-AD08-A2F070AE1C3B}.Debug|Any CPU.ActiveCfg = Debug|Any CPU
		{C57A5DCC-E279-4B04-AD08-A2F070AE1C3B}.Debug|Any CPU.Build.0 = Debug|Any CPU
		{C57A5DCC-E279-4B04-AD08-A2F070AE1C3B}.Release|Any CPU.ActiveCfg = Release|Any CPU
		{C57A5DCC-E279-4B04-AD08-A2F070AE1C3B}.Release|Any CPU.Build.0 = Release|Any CPU
	EndGlobalSection
	GlobalSection(SolutionProperties) = preSolution
		HideSolutionNode = FALSE
	EndGlobalSection
EndGlobal
